
Microsoft Visual Studio Solution File, Format Version 12.00
# Visual Studio 15
VisualStudioVersion = 15.0.28307.757
MinimumVisualStudioVersion = 10.0.40219.1
Project("{888888A0-9F3D-457C-B088-3A5042F75D52}") = "suntimes", ".\suntimes.pyproj", "{7E2EB902-ADB5-4AC2-85E6-AFAA92419522}"
EndProject
Global
	GlobalSection(SolutionConfigurationPlatforms) = preSolution
		Debug|Any CPU = Debug|Any CPU
		Release|Any CPU = Release|Any CPU
	EndGlobalSection
	GlobalSection(ProjectConfigurationPlatforms) = postSolution
		{7E2EB902-ADB5-4AC2-85E6-AFAA92419522}.Debug|Any CPU.ActiveCfg = Debug|Any CPU
		{7E2EB902-ADB5-4AC2-85E6-AFAA92419522}.Release|Any CPU.ActiveCfg = Release|Any CPU
	EndGlobalSection
	GlobalSection(SolutionProperties) = preSolution
		HideSolutionNode = FALSE
	EndGlobalSection
	GlobalSection(ExtensibilityGlobals) = postSolution
		SolutionGuid = {D0505657-7262-41CE-9566-5C296AB6DFF7}
	EndGlobalSection
EndGlobal
